{
  "R": {
    "Version": "4.6.1",
    "Repositories": [
      {"Name": "CRAN", "URL": "https://packagemanager.posit.co/cran/2026-08-03"}
    ]
  },
  "Packages": {
    "data.table": {"Package":"data.table","Version":"1.18.4","Source":"Repository","Repository":"CRAN"},
    "jsonlite": {"Package":"jsonlite","Version":"2.0.0","Source":"Repository","Repository":"CRAN"},
    "plumber": {"Package":"plumber","Version":"1.3.2","Source":"Repository","Repository":"CRAN"},
    "readxl": {"Package":"readxl","Version":"1.5.0","Source":"Repository","Repository":"CRAN"},
    "renv": {"Package":"renv","Version":"1.1.4","Source":"Repository","Repository":"CRAN"},
    "shiny": {"Package":"shiny","Version":"1.14.0","Source":"Repository","Repository":"CRAN"},
    "xml2": {"Package":"xml2","Version":"1.6.0","Source":"Repository","Repository":"CRAN"},
    "zip": {"Package":"zip","Version":"3.0.2","Source":"Repository","Repository":"CRAN"}
  }
}
